
Microsoft Visual Studio Solution File, Format Version 12.00
# Visual Studio 2013
VisualStudioVersion = 12.0.40629.0
MinimumVisualStudioVersion = 10.0.40219.1
Project("{FAE04EC0-301F-11D3-BF4B-00C04F79EFBC}") = "Tradic", "Tradic\Tradic.csproj", "{5E251FA3-7D3E-404B-BA91-2B55B88F16DF}"
EndProject
Project("{FAE04EC0-301F-11D3-BF4B-00C04F79EFBC}") = "Tradic.Business", "Tradic.Business\Tradic.Business.csproj", "{924C1BFC-A1BA-4D7D-BA4F-10467479C567}"
EndProject
Project("{FAE04EC0-301F-11D3-BF4B-00C04F79EFBC}") = "Tradic.DAL", "Tradic.DAL\Tradic.DAL.csproj", "{BEF965BD-F27B-4D64-984B-271E289AD656}"
EndProject
Project("{FAE04EC0-301F-11D3-BF4B-00C04F79EFBC}") = "TradicConsole", "TradicConsole\TradicConsole.csproj", "{DF32D035-027F-4181-A53A-04F96BFE33D9}"
EndProject
Global
	GlobalSection(SolutionConfigurationPlatforms) = preSolution
		Debug|Any CPU = Debug|Any CPU
		Release|Any CPU = Release|Any CPU
	EndGlobalSection
	GlobalSection(ProjectConfigurationPlatforms) = postSolution
		{5E251FA3-7D3E-404B-BA91-2B55B88F16DF}.Debug|Any CPU.ActiveCfg = Debug|Any CPU
		{5E251FA3-7D3E-404B-BA91-2B55B88F16DF}.Debug|Any CPU.Build.0 = Debug|Any CPU
		{5E251FA3-7D3E-404B-BA91-2B55B88F16DF}.Release|Any CPU.ActiveCfg = Release|Any CPU
		{5E251FA3-7D3E-404B-BA91-2B55B88F16DF}.Release|Any CPU.Build.0 = Release|Any CPU
		{924C1BFC-A1BA-4D7D-BA4F-10467479C567}.Debug|Any CPU.ActiveCfg = Debug|Any CPU
		{924C1BFC-A1BA-4D7D-BA4F-10467479C567}.Debug|Any CPU.Build.0 = Debug|Any CPU
		{924C1BFC-A1BA-4D7D-BA4F-10467479C567}.Release|Any CPU.ActiveCfg = Release|Any CPU
		{924C1BFC-A1BA-4D7D-BA4F-10467479C567}.Release|Any CPU.Build.0 = Release|Any CPU
		{BEF965BD-F27B-4D64-984B-271E289AD656}.Debug|Any CPU.ActiveCfg = Debug|Any CPU
		{BEF965BD-F27B-4D64-984B-271E289AD656}.Debug|Any CPU.Build.0 = Debug|Any CPU
		{BEF965BD-F27B-4D64-984B-271E289AD656}.Release|Any CPU.ActiveCfg = Release|Any CPU
		{BEF965BD-F27B-4D64-984B-271E289AD656}.Release|Any CPU.Build.0 = Release|Any CPU
		{DF32D035-027F-4181-A53A-04F96BFE33D9}.Debug|Any CPU.ActiveCfg = Debug|Any CPU
		{DF32D035-027F-4181-A53A-04F96BFE33D9}.Debug|Any CPU.Build.0 = Debug|Any CPU
		{DF32D035-027F-4181-A53A-04F96BFE33D9}.Release|Any CPU.ActiveCfg = Release|Any CPU
		{DF32D035-027F-4181-A53A-04F96BFE33D9}.Release|Any CPU.Build.0 = Release|Any CPU
	EndGlobalSection
	GlobalSection(SolutionProperties) = preSolution
		HideSolutionNode = FALSE
	EndGlobalSection
EndGlobal
